
Microsoft Visual Studio Solution File, Format Version 12.00
# Visual Studio Version 17
VisualStudioVersion = 17.11.35327.3
MinimumVisualStudioVersion = 10.0.40219.1
Project("{FAE04EC0-301F-11D3-BF4B-00C04F79EFBC}") = "MAUIFlexSkills", "MAUIFlexSkills\MAUIFlexSkills.csproj", "{593CDAE1-2407-471F-B1A8-0F86E61392EB}"
EndProject
Global
	GlobalSection(SolutionConfigurationPlatforms) = preSolution
		Debug|Any CPU = Debug|Any CPU
		Release|Any CPU = Release|Any CPU
	EndGlobalSection
	GlobalSection(ProjectConfigurationPlatforms) = postSolution
		{593CDAE1-2407-471F-B1A8-0F86E61392EB}.Debug|Any CPU.ActiveCfg = Debug|Any CPU
		{593CDAE1-2407-471F-B1A8-0F86E61392EB}.Debug|Any CPU.Build.0 = Debug|Any CPU
		{593CDAE1-2407-471F-B1A8-0F86E61392EB}.Debug|Any CPU.Deploy.0 = Debug|Any CPU
		{593CDAE1-2407-471F-B1A8-0F86E61392EB}.Release|Any CPU.ActiveCfg = Release|Any CPU
		{593CDAE1-2407-471F-B1A8-0F86E61392EB}.Release|Any CPU.Build.0 = Release|Any CPU
		{593CDAE1-2407-471F-B1A8-0F86E61392EB}.Release|Any CPU.Deploy.0 = Release|Any CPU
	EndGlobalSection
	GlobalSection(SolutionProperties) = preSolution
		HideSolutionNode = FALSE
	EndGlobalSection
	GlobalSection(ExtensibilityGlobals) = postSolution
		SolutionGuid = {D1B7552B-85E8-4C03-8D44-29843E5F8213}
	EndGlobalSection
EndGlobal
